
Microsoft Visual Studio Solution File, Format Version 12.00
Project("{FAE04EC0-301F-11D3-BF4B-00C04F79EFBC}") = "MercanlarApi", "MercanlarApi\MercanlarApi.csproj", "{0D232617-7EB9-4676-9CD2-198DC3656F6C}"
EndProject
Global
	GlobalSection(SolutionConfigurationPlatforms) = preSolution
		Debug|Any CPU = Debug|Any CPU
		Release|Any CPU = Release|Any CPU
	EndGlobalSection
	GlobalSection(ProjectConfigurationPlatforms) = postSolution
		{0D232617-7EB9-4676-9CD2-198DC3656F6C}.Debug|Any CPU.ActiveCfg = Debug|Any CPU
		{0D232617-7EB9-4676-9CD2-198DC3656F6C}.Debug|Any CPU.Build.0 = Debug|Any CPU
		{0D232617-7EB9-4676-9CD2-198DC3656F6C}.Release|Any CPU.ActiveCfg = Release|Any CPU
		{0D232617-7EB9-4676-9CD2-198DC3656F6C}.Release|Any CPU.Build.0 = Release|Any CPU
	EndGlobalSection
EndGlobal
